lockfileVersion: '9.0'

settings:
  autoInstallPeers: true
  excludeLinksFromLockfile: false

importers:
  .:
    devDependencies:
      oxlint:
        specifier: ^0.16.7
        version: 0.16.7
      prettier:
        specifier: ^3.5.3
        version: 3.5.3
      prettier-plugin-tailwindcss:
        specifier: ^0.6.11
        version: 0.6.11(prettier@3.5.3)

packages:
  '@oxlint/darwin-arm64@0.16.7':
    resolution:
      {
        integrity: sha512-VeWa9qDieR8TsjCLlQ9t0IkFQru3VSv5fwiNzqA14OKosTunFbAp0qaN4kw7bbwdtaVojwg7p0kKKX7TToyHrA==,
      }
    cpu: [arm64]
    os: [darwin]

  '@oxlint/darwin-x64@0.16.7':
    resolution:
      {
        integrity: sha512-uFRVF91sKIaXAYvJuAwj2t66IW11AmQZlAf1zIAymTZkFg513y7t92SAAPQEE131RU1WF/jKkrBv6kZyiFKddw==,
      }
    cpu: [x64]
    os: [darwin]

  '@oxlint/linux-arm64-gnu@0.16.7':
    resolution:
      {
        integrity: sha512-4wdrsLT8QE/89ln3WfsfLVvh+FqhDuzNTw2tiV8BNhJRORjenmNH8oX8NAvDXkA2OL/SIQ9YmFrPdh9MLdCPXA==,
      }
    cpu: [arm64]
    os: [linux]

  '@oxlint/linux-arm64-musl@0.16.7':
    resolution:
      {
        integrity: sha512-2zC+9HrZ8Cc0w9fdrnFSmLizommZqgzFbWK7PpmNUdvcULT/NFCUA/RVfsxxEcwBCNiEcnay4xTbXnI2UUPXQA==,
      }
    cpu: [arm64]
    os: [linux]

  '@oxlint/linux-x64-gnu@0.16.7':
    resolution:
      {
        integrity: sha512-6w7H+deX+5Y6J3mcjOTrnKTY5i/EV2O/2+U3GblOFov101W4KV1IFhkKjuHl+JvIFRi364ns98fOQNr9gk+Wsw==,
      }
    cpu: [x64]
    os: [linux]

  '@oxlint/linux-x64-musl@0.16.7':
    resolution:
      {
        integrity: sha512-zFwBAzefgZNL2gQnQwiFnVmhPKXlIBp1ETjNarja56oWPUeWCwVvls1MQAvNgPjHDVdS40Vnka0DOHUelQk67Q==,
      }
    cpu: [x64]
    os: [linux]

  '@oxlint/win32-arm64@0.16.7':
    resolution:
      {
        integrity: sha512-ORQS2kw73Pqn8jE0oXlTol4W9KU+83aBQ0DMRg8vCl7ghhZ3BbJl87K3C+A5eGaH7wDHj/f8WtAgW6y460JtjQ==,
      }
    cpu: [arm64]
    os: [win32]

  '@oxlint/win32-x64@0.16.7':
    resolution:
      {
        integrity: sha512-kUGut1deJm9JnKK1mYP+5F2QaxL7yY0Z0yiSGkLHjhwuYSkpprb9z/PePcTsu2yhs4fDtOriDxT8fUZEu8xvhQ==,
      }
    cpu: [x64]
    os: [win32]

  oxlint@0.16.7:
    resolution:
      {
        integrity: sha512-/ab3XRLSbZT25/M2Hm7MKrcQDsqzk1DcWyfFTRidorOvYAkgk0p7gW93e7nDPHnatsdLqSWIShkXO1DFOsP3Nw==,
      }
    engines: { node: '>=8.*' }
    hasBin: true

  prettier-plugin-tailwindcss@0.6.11:
    resolution:
      {
        integrity: sha512-YxaYSIvZPAqhrrEpRtonnrXdghZg1irNg4qrjboCXrpybLWVs55cW2N3juhspVJiO0JBvYJT8SYsJpc8OQSnsA==,
      }
    engines: { node: '>=14.21.3' }
    peerDependencies:
      '@ianvs/prettier-plugin-sort-imports': '*'
      '@prettier/plugin-pug': '*'
      '@shopify/prettier-plugin-liquid': '*'
      '@trivago/prettier-plugin-sort-imports': '*'
      '@zackad/prettier-plugin-twig': '*'
      prettier: ^3.0
      prettier-plugin-astro: '*'
      prettier-plugin-css-order: '*'
      prettier-plugin-import-sort: '*'
      prettier-plugin-jsdoc: '*'
      prettier-plugin-marko: '*'
      prettier-plugin-multiline-arrays: '*'
      prettier-plugin-organize-attributes: '*'
      prettier-plugin-organize-imports: '*'
      prettier-plugin-sort-imports: '*'
      prettier-plugin-style-order: '*'
      prettier-plugin-svelte: '*'
    peerDependenciesMeta:
      '@ianvs/prettier-plugin-sort-imports':
        optional: true
      '@prettier/plugin-pug':
        optional: true
      '@shopify/prettier-plugin-liquid':
        optional: true
      '@trivago/prettier-plugin-sort-imports':
        optional: true
      '@zackad/prettier-plugin-twig':
        optional: true
      prettier-plugin-astro:
        optional: true
      prettier-plugin-css-order:
        optional: true
      prettier-plugin-import-sort:
        optional: true
      prettier-plugin-jsdoc:
        optional: true
      prettier-plugin-marko:
        optional: true
      prettier-plugin-multiline-arrays:
        optional: true
      prettier-plugin-organize-attributes:
        optional: true
      prettier-plugin-organize-imports:
        optional: true
      prettier-plugin-sort-imports:
        optional: true
      prettier-plugin-style-order:
        optional: true
      prettier-plugin-svelte:
        optional: true

  prettier@3.5.3:
    resolution:
      {
        integrity: sha512-QQtaxnoDJeAkDvDKWCLiwIXkTgRhwYDEQCghU9Z6q03iyek/rxRh/2lC3HB7P8sWT2xC/y5JDctPLBIGzHKbhw==,
      }
    engines: { node: '>=14' }
    hasBin: true

snapshots:
  '@oxlint/darwin-arm64@0.16.7':
    optional: true

  '@oxlint/darwin-x64@0.16.7':
    optional: true

  '@oxlint/linux-arm64-gnu@0.16.7':
    optional: true

  '@oxlint/linux-arm64-musl@0.16.7':
    optional: true

  '@oxlint/linux-x64-gnu@0.16.7':
    optional: true

  '@oxlint/linux-x64-musl@0.16.7':
    optional: true

  '@oxlint/win32-arm64@0.16.7':
    optional: true

  '@oxlint/win32-x64@0.16.7':
    optional: true

  oxlint@0.16.7:
    optionalDependencies:
      '@oxlint/darwin-arm64': 0.16.7
      '@oxlint/darwin-x64': 0.16.7
      '@oxlint/linux-arm64-gnu': 0.16.7
      '@oxlint/linux-arm64-musl': 0.16.7
      '@oxlint/linux-x64-gnu': 0.16.7
      '@oxlint/linux-x64-musl': 0.16.7
      '@oxlint/win32-arm64': 0.16.7
      '@oxlint/win32-x64': 0.16.7

  prettier-plugin-tailwindcss@0.6.11(prettier@3.5.3):
    dependencies:
      prettier: 3.5.3

  prettier@3.5.3: {}
